
Microsoft Visual Studio Solution File, Format Version 12.00
# Visual Studio Version 16
VisualStudioVersion = 16.0.30711.63
MinimumVisualStudioVersion = 10.0.40219.1
Project("{9A19103F-16F7-4668-BE54-9A1E7A4F7556}") = "NSC_Model", "NSC_Model\NSC_Model.csproj", "{E62E0E4C-0448-4B37-9A62-861E3394AD51}"
EndProject
Project("{9A19103F-16F7-4668-BE54-9A1E7A4F7556}") = "NSC_Business", "NSC_Business\NSC_Business.csproj", "{3EFF7EFD-0339-4383-984D-E8EEEF5314AF}"
EndProject
Project("{FAE04EC0-301F-11D3-BF4B-00C04F79EFBC}") = "NSC_Tests", "NSC_Tests\NSC_Tests.csproj", "{7BE6B1C4-C810-4A2C-A447-F27A1880476F}"
EndProject
Global
	GlobalSection(SolutionConfigurationPlatforms) = preSolution
		Debug|Any CPU = Debug|Any CPU
		Release|Any CPU = Release|Any CPU
	EndGlobalSection
	GlobalSection(ProjectConfigurationPlatforms) = postSolution
		{E62E0E4C-0448-4B37-9A62-861E3394AD51}.Debug|Any CPU.ActiveCfg = Debug|Any CPU
		{E62E0E4C-0448-4B37-9A62-861E3394AD51}.Debug|Any CPU.Build.0 = Debug|Any CPU
		{E62E0E4C-0448-4B37-9A62-861E3394AD51}.Release|Any CPU.ActiveCfg = Release|Any CPU
		{E62E0E4C-0448-4B37-9A62-861E3394AD51}.Release|Any CPU.Build.0 = Release|Any CPU
		{3EFF7EFD-0339-4383-984D-E8EEEF5314AF}.Debug|Any CPU.ActiveCfg = Debug|Any CPU
		{3EFF7EFD-0339-4383-984D-E8EEEF5314AF}.Debug|Any CPU.Build.0 = Debug|Any CPU
		{3EFF7EFD-0339-4383-984D-E8EEEF5314AF}.Release|Any CPU.ActiveCfg = Release|Any CPU
		{3EFF7EFD-0339-4383-984D-E8EEEF5314AF}.Release|Any CPU.Build.0 = Release|Any CPU
		{7BE6B1C4-C810-4A2C-A447-F27A1880476F}.Debug|Any CPU.ActiveCfg = Debug|Any CPU
		{7BE6B1C4-C810-4A2C-A447-F27A1880476F}.Debug|Any CPU.Build.0 = Debug|Any CPU
		{7BE6B1C4-C810-4A2C-A447-F27A1880476F}.Release|Any CPU.ActiveCfg = Release|Any CPU
		{7BE6B1C4-C810-4A2C-A447-F27A1880476F}.Release|Any CPU.Build.0 = Release|Any CPU
	EndGlobalSection
	GlobalSection(SolutionProperties) = preSolution
		HideSolutionNode = FALSE
	EndGlobalSection
	GlobalSection(ExtensibilityGlobals) = postSolution
		SolutionGuid = {B8AD8818-1A2B-4737-8595-96074123C0F4}
	EndGlobalSection
EndGlobal
